
Microsoft Visual Studio Solution File, Format Version 12.00
Project("{FAE04EC0-301F-11D3-BF4B-00C04F79EFBC}") = "OdataPlayground", "OdataPlayground\OdataPlayground.csproj", "{0C05F9F2-BE3E-4A65-BEAF-B8DA79BD81AD}"
EndProject
Project("{FAE04EC0-301F-11D3-BF4B-00C04F79EFBC}") = "OdataTestWebApp", "OdataTestWebApp\OdataTestWebApp.csproj", "{4A48DDF4-D217-4A3E-A200-8169235E28A2}"
EndProject
Global
	GlobalSection(SolutionConfigurationPlatforms) = preSolution
		Debug|Any CPU = Debug|Any CPU
		Release|Any CPU = Release|Any CPU
	EndGlobalSection
	GlobalSection(ProjectConfigurationPlatforms) = postSolution
		{0C05F9F2-BE3E-4A65-BEAF-B8DA79BD81AD}.Debug|Any CPU.ActiveCfg = Debug|Any CPU
		{0C05F9F2-BE3E-4A65-BEAF-B8DA79BD81AD}.Debug|Any CPU.Build.0 = Debug|Any CPU
		{0C05F9F2-BE3E-4A65-BEAF-B8DA79BD81AD}.Release|Any CPU.ActiveCfg = Release|Any CPU
		{0C05F9F2-BE3E-4A65-BEAF-B8DA79BD81AD}.Release|Any CPU.Build.0 = Release|Any CPU
		{4A48DDF4-D217-4A3E-A200-8169235E28A2}.Debug|Any CPU.ActiveCfg = Debug|Any CPU
		{4A48DDF4-D217-4A3E-A200-8169235E28A2}.Debug|Any CPU.Build.0 = Debug|Any CPU
		{4A48DDF4-D217-4A3E-A200-8169235E28A2}.Release|Any CPU.ActiveCfg = Release|Any CPU
		{4A48DDF4-D217-4A3E-A200-8169235E28A2}.Release|Any CPU.Build.0 = Release|Any CPU
	EndGlobalSection
EndGlobal
